
Microsoft Visual Studio Solution File, Format Version 12.00
# Visual Studio Version 16
VisualStudioVersion = 16.0.30517.126
MinimumVisualStudioVersion = 10.0.40219.1
Project("{FAE04EC0-301F-11D3-BF4B-00C04F79EFBC}") = "EpicBattle 2.0", "EpicBattle 2.0\EpicBattle 2.0.csproj", "{8A18B68D-9BBC-4C76-9A44-9A50134729D0}"
EndProject
Global
	GlobalSection(SolutionConfigurationPlatforms) = preSolution
		Debug|Any CPU = Debug|Any CPU
		Release|Any CPU = Release|Any CPU
	EndGlobalSection
	GlobalSection(ProjectConfigurationPlatforms) = postSolution
		{8A18B68D-9BBC-4C76-9A44-9A50134729D0}.Debug|Any CPU.ActiveCfg = Debug|Any CPU
		{8A18B68D-9BBC-4C76-9A44-9A50134729D0}.Debug|Any CPU.Build.0 = Debug|Any CPU
		{8A18B68D-9BBC-4C76-9A44-9A50134729D0}.Release|Any CPU.ActiveCfg = Release|Any CPU
		{8A18B68D-9BBC-4C76-9A44-9A50134729D0}.Release|Any CPU.Build.0 = Release|Any CPU
	EndGlobalSection
	GlobalSection(SolutionProperties) = preSolution
		HideSolutionNode = FALSE
	EndGlobalSection
	GlobalSection(ExtensibilityGlobals) = postSolution
		SolutionGuid = {82640862-701B-4244-AE65-09B4582C0A81}
	EndGlobalSection
EndGlobal
